<?xml version="1.0" encoding="utf-8"?>
<Project ToolsVersion="4.0" xmlns="http://schemas.microsoft.com/developer/msbuild/2003">
  <ItemGroup>
    <Filter Include="win32">
      <UniqueIdentifier>{84a8ebd7-7cf0-47f6-b75e-d441df67da40}</UniqueIdentifier>
    </Filter>
    <Filter Include="resource">
      <UniqueIdentifier>{715254bc-d70b-4ec5-bf29-467dd3ace079}</UniqueIdentifier>
    </Filter>
    <Filter Include="src">
      <UniqueIdentifier>{bb6c862e-70e9-49d9-81b7-3829a6f50471}</UniqueIdentifier>
    </Filter>
    <Filter Include="resource\XML">
      <UniqueIdentifier>{c4b6c2f4-4e72-4e1f-802b-b4bc01cc0865}</UniqueIdentifier>
    </Filter>
    <Filter Include="src\保存游戏进度">
      <UniqueIdentifier>{383ac60a-ded3-409a-8fe5-e1f26c0eddc4}</UniqueIdentifier>
    </Filter>
    <Filter Include="src\标题动画">
      <UniqueIdentifier>{ece98610-b754-4401-badc-fb6a5c4cbfb2}</UniqueIdentifier>
    </Filter>
    <Filter Include="src\标题界面">
      <UniqueIdentifier>{d1923436-12ac-4f9d-9ce4-07a0ad6a4df2}</UniqueIdentifier>
    </Filter>
    <Filter Include="src\加载游戏进度">
      <UniqueIdentifier>{04bbe2b9-b06e-4625-9140-5b7c11444bd4}</UniqueIdentifier>
    </Filter>
    <Filter Include="src\结束游戏">
      <UniqueIdentifier>{4aa18121-9eec-4628-ad8e-257494b0e071}</UniqueIdentifier>
    </Filter>
    <Filter Include="src\开始新游戏">
      <UniqueIdentifier>{edd681d9-b720-4067-b835-712fd66e9dd8}</UniqueIdentifier>
    </Filter>
    <Filter Include="src\选择游戏角色">
      <UniqueIdentifier>{db468f53-2b3d-4d0b-80c6-1f940256865b}</UniqueIdentifier>
    </Filter>
    <Filter Include="src\游戏设置">
      <UniqueIdentifier>{109c2932-80cc-4957-9aef-1b36c3e1b672}</UniqueIdentifier>
    </Filter>
  </ItemGroup>
  <ItemGroup>
    <ClCompile Include="main.cpp">
      <Filter>win32</Filter>
    </ClCompile>
    <ClCompile Include="..\Classes\AppDelegate.cpp">
      <Filter>src</Filter>
    </ClCompile>
    <ClCompile Include="..\Classes\SaveGameCoverLayer.cpp">
      <Filter>src\保存游戏进度</Filter>
    </ClCompile>
    <ClCompile Include="..\Classes\SaveGameLayer.cpp">
      <Filter>src\保存游戏进度</Filter>
    </ClCompile>
    <ClCompile Include="..\Classes\TitleAniLayer.cpp">
      <Filter>src\标题动画</Filter>
    </ClCompile>
    <ClCompile Include="..\Classes\TitleAniScene.cpp">
      <Filter>src\标题动画</Filter>
    </ClCompile>
    <ClCompile Include="..\Classes\ExitPopupLayer.cpp">
      <Filter>src\标题界面</Filter>
    </ClCompile>
    <ClCompile Include="..\Classes\NoUsableSaveLayer.cpp">
      <Filter>src\标题界面</Filter>
    </ClCompile>
    <ClCompile Include="..\Classes\TitleBackgroundLayer.cpp">
      <Filter>src\标题界面</Filter>
    </ClCompile>
    <ClCompile Include="..\Classes\TitleLayer.cpp">
      <Filter>src\标题界面</Filter>
    </ClCompile>
    <ClCompile Include="..\Classes\TitleScene.cpp">
      <Filter>src\标题界面</Filter>
    </ClCompile>
    <ClCompile Include="..\Classes\ContinueGameScene.cpp">
      <Filter>src\加载游戏进度</Filter>
    </ClCompile>
    <ClCompile Include="..\Classes\ContinueMainLayer.cpp">
      <Filter>src\加载游戏进度</Filter>
    </ClCompile>
    <ClCompile Include="..\Classes\BackToTitleLayer.cpp">
      <Filter>src\结束游戏</Filter>
    </ClCompile>
    <ClCompile Include="..\Classes\GameInitLayer.cpp">
      <Filter>src\开始新游戏</Filter>
    </ClCompile>
    <ClCompile Include="..\Classes\GameMainLayer.cpp">
      <Filter>src\开始新游戏</Filter>
    </ClCompile>
    <ClCompile Include="..\Classes\NewGameScene.cpp">
      <Filter>src\开始新游戏</Filter>
    </ClCompile>
    <ClCompile Include="..\Classes\SelectGameRolesLayer.cpp">
      <Filter>src\选择游戏角色</Filter>
    </ClCompile>
    <ClCompile Include="..\Classes\SelectRoleDuplicateLayer.cpp">
      <Filter>src\选择游戏角色</Filter>
    </ClCompile>
    <ClCompile Include="..\Classes\GameSetLayer.cpp">
      <Filter>src\游戏设置</Filter>
    </ClCompile>
  </ItemGroup>
  <ItemGroup>
    <ClInclude Include="main.h">
      <Filter>win32</Filter>
    </ClInclude>
    <ClInclude Include="..\Classes\AppDelegate.h">
      <Filter>src</Filter>
    </ClInclude>
    <ClInclude Include="..\Classes\SaveGameCoverLayer.h">
      <Filter>src\保存游戏进度</Filter>
    </ClInclude>
    <ClInclude Include="..\Classes\SaveGameLayer.h">
      <Filter>src\保存游戏进度</Filter>
    </ClInclude>
    <ClInclude Include="..\Classes\TitleAniLayer.h">
      <Filter>src\标题动画</Filter>
    </ClInclude>
    <ClInclude Include="..\Classes\TitleAniScene.h">
      <Filter>src\标题动画</Filter>
    </ClInclude>
    <ClInclude Include="..\Classes\ExitPopupLayer.h">
      <Filter>src\标题界面</Filter>
    </ClInclude>
    <ClInclude Include="..\Classes\NoUsableSaveLayer.h">
      <Filter>src\标题界面</Filter>
    </ClInclude>
    <ClInclude Include="..\Classes\TitleBackgroundLayer.h">
      <Filter>src\标题界面</Filter>
    </ClInclude>
    <ClInclude Include="..\Classes\TitleLayer.h">
      <Filter>src\标题界面</Filter>
    </ClInclude>
    <ClInclude Include="..\Classes\TitleScene.h">
      <Filter>src\标题界面</Filter>
    </ClInclude>
    <ClInclude Include="..\Classes\ContinueGameScene.h">
      <Filter>src\加载游戏进度</Filter>
    </ClInclude>
    <ClInclude Include="..\Classes\ContinueMainLayer.h">
      <Filter>src\加载游戏进度</Filter>
    </ClInclude>
    <ClInclude Include="..\Classes\BackToTitleLayer.h">
      <Filter>src\结束游戏</Filter>
    </ClInclude>
    <ClInclude Include="..\Classes\GameInitLayer.h">
      <Filter>src\开始新游戏</Filter>
    </ClInclude>
    <ClInclude Include="..\Classes\GameMainLayer.h">
      <Filter>src\开始新游戏</Filter>
    </ClInclude>
    <ClInclude Include="..\Classes\NewGameScene.h">
      <Filter>src\开始新游戏</Filter>
    </ClInclude>
    <ClInclude Include="..\Classes\SelectGameRolesLayer.h">
      <Filter>src\选择游戏角色</Filter>
    </ClInclude>
    <ClInclude Include="..\Classes\SelectRoleDuplicateLayer.h">
      <Filter>src\选择游戏角色</Filter>
    </ClInclude>
    <ClInclude Include="..\Classes\GameSetLayer.h">
      <Filter>src\游戏设置</Filter>
    </ClInclude>
    <ClInclude Include="..\Classes\Common.h">
      <Filter>src</Filter>
    </ClInclude>
  </ItemGroup>
  <ItemGroup>
    <ResourceCompile Include="game.rc">
      <Filter>resource</Filter>
    </ResourceCompile>
  </ItemGroup>
  <ItemGroup>
    <Xml Include="..\Resources\XML\GameInit.xml">
      <Filter>resource\XML</Filter>
    </Xml>
    <Xml Include="..\Resources\XML\GameSet.xml">
      <Filter>resource\XML</Filter>
    </Xml>
    <Xml Include="..\Resources\XML\NewGame.xml">
      <Filter>resource\XML</Filter>
    </Xml>
    <Xml Include="..\Resources\XML\Title.xml">
      <Filter>resource\XML</Filter>
    </Xml>
    <Xml Include="..\Resources\XML\TitleAni.xml">
      <Filter>resource\XML</Filter>
    </Xml>
  </ItemGroup>
</Project>